
Microsoft Visual Studio Solution File, Format Version 12.00
# Visual Studio Version 17
VisualStudioVersion = 17.0.31912.275
MinimumVisualStudioVersion = 10.0.40219.1
Project("{9A19103F-16F7-4668-BE54-9A1E7A4F7556}") = "Chubberino.UnitTests", "Chubberino.UnitTests\Chubberino.UnitTests.csproj", "{0401CBD5-069B-41AE-98FB-749A45DC92AE}"
EndProject
Project("{2150E333-8FDC-42A3-9474-1A3956D46DE8}") = "Solution Items", "Solution Items", "{BB6B2B8B-5B48-40D4-9D52-16EB64C08C26}"
	ProjectSection(SolutionItems) = preProject
		.editorconfig = .editorconfig
	EndProjectSection
EndProject
Project("{9A19103F-16F7-4668-BE54-9A1E7A4F7556}") = "Chubberino.Infrastructure", "Chubberino.Infrastructure\Chubberino.Infrastructure.csproj", "{22C259DF-DD63-4C08-9F9A-F7201DB6E41E}"
EndProject
Project("{9A19103F-16F7-4668-BE54-9A1E7A4F7556}") = "Chubberino.Common", "Chubberino.Common\Chubberino.Common.csproj", "{71EA1712-DC68-4148-B6A2-E9BA9686D838}"
EndProject
Project("{9A19103F-16F7-4668-BE54-9A1E7A4F7556}") = "Chubberino.Common.UnitTests", "Chubberino.Common.UnitTests\Chubberino.Common.UnitTests.csproj", "{E6703EAE-4CBC-44CE-A28A-E3EC0C2613AB}"
EndProject
Project("{9A19103F-16F7-4668-BE54-9A1E7A4F7556}") = "Chubberino.UnitTestQualityTools", "Chubberino.UnitTestCommon\Chubberino.UnitTestQualityTools.csproj", "{0574B445-5511-4ACD-973D-F65D529D9F97}"
EndProject
Project("{2150E333-8FDC-42A3-9474-1A3956D46DE8}") = "Tests", "Tests", "{98D8D4EB-82D7-4AFF-8DD7-E08FA34F53DE}"
EndProject
Project("{9A19103F-16F7-4668-BE54-9A1E7A4F7556}") = "Chubberino.Infrastructure.UnitTests", "Chubberino.Infrastructure.UnitTests\Chubberino.Infrastructure.UnitTests.csproj", "{DB547EAB-A060-4DED-9F82-E7E51EB0FF0E}"
EndProject
Project("{2150E333-8FDC-42A3-9474-1A3956D46DE8}") = "Projects", "Projects", "{E2E84990-36A6-4298-95B9-C9BC24152337}"
EndProject
Project("{9A19103F-16F7-4668-BE54-9A1E7A4F7556}") = "Chubberino.Bots.Channel", "Chubberino.Bots.Channel\Chubberino.Bots.Channel.csproj", "{231724B4-8A52-47A4-9C7A-BB08967AAAEE}"
EndProject
Project("{9A19103F-16F7-4668-BE54-9A1E7A4F7556}") = "Chubberino.Bots.User", "Chubberino.Bot.Personal\Chubberino.Bots.User.csproj", "{27154E13-2908-4C41-A1E7-56EECD0460FE}"
EndProject
Project("{9A19103F-16F7-4668-BE54-9A1E7A4F7556}") = "Chubberino.Database", "Chubberino.Database\Chubberino.Database.csproj", "{D3D0CDFA-AA07-4955-A8B2-9B9A3DAA9D79}"
EndProject
Project("{9A19103F-16F7-4668-BE54-9A1E7A4F7556}") = "Chubberino.Bots.Common", "Chubberino.Bots.Common\Chubberino.Bots.Common.csproj", "{E362858B-D1ED-4B73-9AC5-04C7EB5043DB}"
EndProject
Global
	GlobalSection(SolutionConfigurationPlatforms) = preSolution
		Debug - Main|Any CPU = Debug - Main|Any CPU
		Debug - Main|x64 = Debug - Main|x64
		Debug|Any CPU = Debug|Any CPU
		Debug|x64 = Debug|x64
		Release - Main|Any CPU = Release - Main|Any CPU
		Release - Main|x64 = Release - Main|x64
		Release|Any CPU = Release|Any CPU
		Release|x64 = Release|x64
	EndGlobalSection
	GlobalSection(ProjectConfigurationPlatforms) = postSolution
		{0401CBD5-069B-41AE-98FB-749A45DC92AE}.Debug - Main|Any CPU.ActiveCfg = Debug - Main|x64
		{0401CBD5-069B-41AE-98FB-749A45DC92AE}.Debug - Main|x64.ActiveCfg = Debug - Main|x64
		{0401CBD5-069B-41AE-98FB-749A45DC92AE}.Debug - Main|x64.Build.0 = Debug - Main|x64
		{0401CBD5-069B-41AE-98FB-749A45DC92AE}.Debug|Any CPU.ActiveCfg = Debug|x64
		{0401CBD5-069B-41AE-98FB-749A45DC92AE}.Debug|Any CPU.Build.0 = Debug|x64
		{0401CBD5-069B-41AE-98FB-749A45DC92AE}.Debug|x64.ActiveCfg = Debug|x64
		{0401CBD5-069B-41AE-98FB-749A45DC92AE}.Debug|x64.Build.0 = Debug|x64
		{0401CBD5-069B-41AE-98FB-749A45DC92AE}.Release - Main|Any CPU.ActiveCfg = Release - Main|x64
		{0401CBD5-069B-41AE-98FB-749A45DC92AE}.Release - Main|x64.ActiveCfg = Release - Main|x64
		{0401CBD5-069B-41AE-98FB-749A45DC92AE}.Release - Main|x64.Build.0 = Release - Main|x64
		{0401CBD5-069B-41AE-98FB-749A45DC92AE}.Release|Any CPU.ActiveCfg = Release|Any CPU
		{0401CBD5-069B-41AE-98FB-749A45DC92AE}.Release|Any CPU.Build.0 = Release|Any CPU
		{0401CBD5-069B-41AE-98FB-749A45DC92AE}.Release|x64.ActiveCfg = Release|x64
		{0401CBD5-069B-41AE-98FB-749A45DC92AE}.Release|x64.Build.0 = Release|x64
		{22C259DF-DD63-4C08-9F9A-F7201DB6E41E}.Debug - Main|Any CPU.ActiveCfg = Debug|Any CPU
		{22C259DF-DD63-4C08-9F9A-F7201DB6E41E}.Debug - Main|Any CPU.Build.0 = Debug|Any CPU
		{22C259DF-DD63-4C08-9F9A-F7201DB6E41E}.Debug - Main|x64.ActiveCfg = Debug|Any CPU
		{22C259DF-DD63-4C08-9F9A-F7201DB6E41E}.Debug - Main|x64.Build.0 = Debug|Any CPU
		{22C259DF-DD63-4C08-9F9A-F7201DB6E41E}.Debug|Any CPU.ActiveCfg = Debug|Any CPU
		{22C259DF-DD63-4C08-9F9A-F7201DB6E41E}.Debug|Any CPU.Build.0 = Debug|Any CPU
		{22C259DF-DD63-4C08-9F9A-F7201DB6E41E}.Debug|x64.ActiveCfg = Debug|Any CPU
		{22C259DF-DD63-4C08-9F9A-F7201DB6E41E}.Debug|x64.Build.0 = Debug|Any CPU
		{22C259DF-DD63-4C08-9F9A-F7201DB6E41E}.Release - Main|Any CPU.ActiveCfg = Release|Any CPU
		{22C259DF-DD63-4C08-9F9A-F7201DB6E41E}.Release - Main|Any CPU.Build.0 = Release|Any CPU
		{22C259DF-DD63-4C08-9F9A-F7201DB6E41E}.Release - Main|x64.ActiveCfg = Release|Any CPU
		{22C259DF-DD63-4C08-9F9A-F7201DB6E41E}.Release - Main|x64.Build.0 = Release|Any CPU
		{22C259DF-DD63-4C08-9F9A-F7201DB6E41E}.Release|Any CPU.ActiveCfg = Release|Any CPU
		{22C259DF-DD63-4C08-9F9A-F7201DB6E41E}.Release|Any CPU.Build.0 = Release|Any CPU
		{22C259DF-DD63-4C08-9F9A-F7201DB6E41E}.Release|x64.ActiveCfg = Release|Any CPU
		{22C259DF-DD63-4C08-9F9A-F7201DB6E41E}.Release|x64.Build.0 = Release|Any CPU
		{71EA1712-DC68-4148-B6A2-E9BA9686D838}.Debug - Main|Any CPU.ActiveCfg = Debug|Any CPU
		{71EA1712-DC68-4148-B6A2-E9BA9686D838}.Debug - Main|Any CPU.Build.0 = Debug|Any CPU
		{71EA1712-DC68-4148-B6A2-E9BA9686D838}.Debug - Main|x64.ActiveCfg = Debug|Any CPU
		{71EA1712-DC68-4148-B6A2-E9BA9686D838}.Debug - Main|x64.Build.0 = Debug|Any CPU
		{71EA1712-DC68-4148-B6A2-E9BA9686D838}.Debug|Any CPU.ActiveCfg = Debug|Any CPU
		{71EA1712-DC68-4148-B6A2-E9BA9686D838}.Debug|Any CPU.Build.0 = Debug|Any CPU
		{71EA1712-DC68-4148-B6A2-E9BA9686D838}.Debug|x64.ActiveCfg = Debug|Any CPU
		{71EA1712-DC68-4148-B6A2-E9BA9686D838}.Debug|x64.Build.0 = Debug|Any CPU
		{71EA1712-DC68-4148-B6A2-E9BA9686D838}.Release - Main|Any CPU.ActiveCfg = Release|Any CPU
		{71EA1712-DC68-4148-B6A2-E9BA9686D838}.Release - Main|Any CPU.Build.0 = Release|Any CPU
		{71EA1712-DC68-4148-B6A2-E9BA9686D838}.Release - Main|x64.ActiveCfg = Release|Any CPU
		{71EA1712-DC68-4148-B6A2-E9BA9686D838}.Release - Main|x64.Build.0 = Release|Any CPU
		{71EA1712-DC68-4148-B6A2-E9BA9686D838}.Release|Any CPU.ActiveCfg = Release|Any CPU
		{71EA1712-DC68-4148-B6A2-E9BA9686D838}.Release|Any CPU.Build.0 = Release|Any CPU
		{71EA1712-DC68-4148-B6A2-E9BA9686D838}.Release|x64.ActiveCfg = Release|Any CPU
		{71EA1712-DC68-4148-B6A2-E9BA9686D838}.Release|x64.Build.0 = Release|Any CPU
		{E6703EAE-4CBC-44CE-A28A-E3EC0C2613AB}.Debug - Main|Any CPU.ActiveCfg = Debug|Any CPU
		{E6703EAE-4CBC-44CE-A28A-E3EC0C2613AB}.Debug - Main|Any CPU.Build.0 = Debug|Any CPU
		{E6703EAE-4CBC-44CE-A28A-E3EC0C2613AB}.Debug - Main|x64.ActiveCfg = Debug|Any CPU
		{E6703EAE-4CBC-44CE-A28A-E3EC0C2613AB}.Debug - Main|x64.Build.0 = Debug|Any CPU
		{E6703EAE-4CBC-44CE-A28A-E3EC0C2613AB}.Debug|Any CPU.ActiveCfg = Debug|Any CPU
		{E6703EAE-4CBC-44CE-A28A-E3EC0C2613AB}.Debug|Any CPU.Build.0 = Debug|Any CPU
		{E6703EAE-4CBC-44CE-A28A-E3EC0C2613AB}.Debug|x64.ActiveCfg = Debug|Any CPU
		{E6703EAE-4CBC-44CE-A28A-E3EC0C2613AB}.Debug|x64.Build.0 = Debug|Any CPU
		{E6703EAE-4CBC-44CE-A28A-E3EC0C2613AB}.Release - Main|Any CPU.ActiveCfg = Release|Any CPU
		{E6703EAE-4CBC-44CE-A28A-E3EC0C2613AB}.Release - Main|Any CPU.Build.0 = Release|Any CPU
		{E6703EAE-4CBC-44CE-A28A-E3EC0C2613AB}.Release - Main|x64.ActiveCfg = Release|Any CPU
		{E6703EAE-4CBC-44CE-A28A-E3EC0C2613AB}.Release - Main|x64.Build.0 = Release|Any CPU
		{E6703EAE-4CBC-44CE-A28A-E3EC0C2613AB}.Release|Any CPU.ActiveCfg = Release|Any CPU
		{E6703EAE-4CBC-44CE-A28A-E3EC0C2613AB}.Release|Any CPU.Build.0 = Release|Any CPU
		{E6703EAE-4CBC-44CE-A28A-E3EC0C2613AB}.Release|x64.ActiveCfg = Release|Any CPU
		{E6703EAE-4CBC-44CE-A28A-E3EC0C2613AB}.Release|x64.Build.0 = Release|Any CPU
		{0574B445-5511-4ACD-973D-F65D529D9F97}.Debug - Main|Any CPU.ActiveCfg = Debug|Any CPU
		{0574B445-5511-4ACD-973D-F65D529D9F97}.Debug - Main|Any CPU.Build.0 = Debug|Any CPU
		{0574B445-5511-4ACD-973D-F65D529D9F97}.Debug - Main|x64.ActiveCfg = Debug|Any CPU
		{0574B445-5511-4ACD-973D-F65D529D9F97}.Debug - Main|x64.Build.0 = Debug|Any CPU
		{0574B445-5511-4ACD-973D-F65D529D9F97}.Debug|Any CPU.ActiveCfg = Debug|Any CPU
		{0574B445-5511-4ACD-973D-F65D529D9F97}.Debug|Any CPU.Build.0 = Debug|Any CPU
		{0574B445-5511-4ACD-973D-F65D529D9F97}.Debug|x64.ActiveCfg = Debug|Any CPU
		{0574B445-5511-4ACD-973D-F65D529D9F97}.Debug|x64.Build.0 = Debug|Any CPU
		{0574B445-5511-4ACD-973D-F65D529D9F97}.Release - Main|Any CPU.ActiveCfg = Release|Any CPU
		{0574B445-5511-4ACD-973D-F65D529D9F97}.Release - Main|Any CPU.Build.0 = Release|Any CPU
		{0574B445-5511-4ACD-973D-F65D529D9F97}.Release - Main|x64.ActiveCfg = Release|Any CPU
		{0574B445-5511-4ACD-973D-F65D529D9F97}.Release - Main|x64.Build.0 = Release|Any CPU
		{0574B445-5511-4ACD-973D-F65D529D9F97}.Release|Any CPU.ActiveCfg = Release|Any CPU
		{0574B445-5511-4ACD-973D-F65D529D9F97}.Release|Any CPU.Build.0 = Release|Any CPU
		{0574B445-5511-4ACD-973D-F65D529D9F97}.Release|x64.ActiveCfg = Release|Any CPU
		{0574B445-5511-4ACD-973D-F65D529D9F97}.Release|x64.Build.0 = Release|Any CPU
		{DB547EAB-A060-4DED-9F82-E7E51EB0FF0E}.Debug - Main|Any CPU.ActiveCfg = Debug|Any CPU
		{DB547EAB-A060-4DED-9F82-E7E51EB0FF0E}.Debug - Main|Any CPU.Build.0 = Debug|Any CPU
		{DB547EAB-A060-4DED-9F82-E7E51EB0FF0E}.Debug - Main|x64.ActiveCfg = Debug|Any CPU
		{DB547EAB-A060-4DED-9F82-E7E51EB0FF0E}.Debug - Main|x64.Build.0 = Debug|Any CPU
		{DB547EAB-A060-4DED-9F82-E7E51EB0FF0E}.Debug|Any CPU.ActiveCfg = Debug|Any CPU
		{DB547EAB-A060-4DED-9F82-E7E51EB0FF0E}.Debug|Any CPU.Build.0 = Debug|Any CPU
		{DB547EAB-A060-4DED-9F82-E7E51EB0FF0E}.Debug|x64.ActiveCfg = Debug|Any CPU
		{DB547EAB-A060-4DED-9F82-E7E51EB0FF0E}.Debug|x64.Build.0 = Debug|Any CPU
		{DB547EAB-A060-4DED-9F82-E7E51EB0FF0E}.Release - Main|Any CPU.ActiveCfg = Release|Any CPU
		{DB547EAB-A060-4DED-9F82-E7E51EB0FF0E}.Release - Main|Any CPU.Build.0 = Release|Any CPU
		{DB547EAB-A060-4DED-9F82-E7E51EB0FF0E}.Release - Main|x64.ActiveCfg = Release|Any CPU
		{DB547EAB-A060-4DED-9F82-E7E51EB0FF0E}.Release - Main|x64.Build.0 = Release|Any CPU
		{DB547EAB-A060-4DED-9F82-E7E51EB0FF0E}.Release|Any CPU.ActiveCfg = Release|Any CPU
		{DB547EAB-A060-4DED-9F82-E7E51EB0FF0E}.Release|Any CPU.Build.0 = Release|Any CPU
		{DB547EAB-A060-4DED-9F82-E7E51EB0FF0E}.Release|x64.ActiveCfg = Release|Any CPU
		{DB547EAB-A060-4DED-9F82-E7E51EB0FF0E}.Release|x64.Build.0 = Release|Any CPU
		{231724B4-8A52-47A4-9C7A-BB08967AAAEE}.Debug - Main|Any CPU.ActiveCfg = Debug|Any CPU
		{231724B4-8A52-47A4-9C7A-BB08967AAAEE}.Debug - Main|Any CPU.Build.0 = Debug|Any CPU
		{231724B4-8A52-47A4-9C7A-BB08967AAAEE}.Debug - Main|x64.ActiveCfg = Debug|Any CPU
		{231724B4-8A52-47A4-9C7A-BB08967AAAEE}.Debug - Main|x64.Build.0 = Debug|Any CPU
		{231724B4-8A52-47A4-9C7A-BB08967AAAEE}.Debug|Any CPU.ActiveCfg = Debug|Any CPU
		{231724B4-8A52-47A4-9C7A-BB08967AAAEE}.Debug|Any CPU.Build.0 = Debug|Any CPU
		{231724B4-8A52-47A4-9C7A-BB08967AAAEE}.Debug|x64.ActiveCfg = Debug|Any CPU
		{231724B4-8A52-47A4-9C7A-BB08967AAAEE}.Debug|x64.Build.0 = Debug|Any CPU
		{231724B4-8A52-47A4-9C7A-BB08967AAAEE}.Release - Main|Any CPU.ActiveCfg = Release|Any CPU
		{231724B4-8A52-47A4-9C7A-BB08967AAAEE}.Release - Main|Any CPU.Build.0 = Release|Any CPU
		{231724B4-8A52-47A4-9C7A-BB08967AAAEE}.Release - Main|x64.ActiveCfg = Release|Any CPU
		{231724B4-8A52-47A4-9C7A-BB08967AAAEE}.Release - Main|x64.Build.0 = Release|Any CPU
		{231724B4-8A52-47A4-9C7A-BB08967AAAEE}.Release|Any CPU.ActiveCfg = Release|Any CPU
		{231724B4-8A52-47A4-9C7A-BB08967AAAEE}.Release|Any CPU.Build.0 = Release|Any CPU
		{231724B4-8A52-47A4-9C7A-BB08967AAAEE}.Release|x64.ActiveCfg = Release|Any CPU
		{231724B4-8A52-47A4-9C7A-BB08967AAAEE}.Release|x64.Build.0 = Release|Any CPU
		{27154E13-2908-4C41-A1E7-56EECD0460FE}.Debug - Main|Any CPU.ActiveCfg = Debug|Any CPU
		{27154E13-2908-4C41-A1E7-56EECD0460FE}.Debug - Main|Any CPU.Build.0 = Debug|Any CPU
		{27154E13-2908-4C41-A1E7-56EECD0460FE}.Debug - Main|x64.ActiveCfg = Debug|Any CPU
		{27154E13-2908-4C41-A1E7-56EECD0460FE}.Debug - Main|x64.Build.0 = Debug|Any CPU
		{27154E13-2908-4C41-A1E7-56EECD0460FE}.Debug|Any CPU.ActiveCfg = Debug|Any CPU
		{27154E13-2908-4C41-A1E7-56EECD0460FE}.Debug|Any CPU.Build.0 = Debug|Any CPU
		{27154E13-2908-4C41-A1E7-56EECD0460FE}.Debug|x64.ActiveCfg = Debug|Any CPU
		{27154E13-2908-4C41-A1E7-56EECD0460FE}.Debug|x64.Build.0 = Debug|Any CPU
		{27154E13-2908-4C41-A1E7-56EECD0460FE}.Release - Main|Any CPU.ActiveCfg = Release|Any CPU
		{27154E13-2908-4C41-A1E7-56EECD0460FE}.Release - Main|Any CPU.Build.0 = Release|Any CPU
		{27154E13-2908-4C41-A1E7-56EECD0460FE}.Release - Main|x64.ActiveCfg = Release|Any CPU
		{27154E13-2908-4C41-A1E7-56EECD0460FE}.Release - Main|x64.Build.0 = Release|Any CPU
		{27154E13-2908-4C41-A1E7-56EECD0460FE}.Release|Any CPU.ActiveCfg = Release|Any CPU
		{27154E13-2908-4C41-A1E7-56EECD0460FE}.Release|Any CPU.Build.0 = Release|Any CPU
		{27154E13-2908-4C41-A1E7-56EECD0460FE}.Release|x64.ActiveCfg = Release|Any CPU
		{27154E13-2908-4C41-A1E7-56EECD0460FE}.Release|x64.Build.0 = Release|Any CPU
		{D3D0CDFA-AA07-4955-A8B2-9B9A3DAA9D79}.Debug - Main|Any CPU.ActiveCfg = Debug|Any CPU
		{D3D0CDFA-AA07-4955-A8B2-9B9A3DAA9D79}.Debug - Main|Any CPU.Build.0 = Debug|Any CPU
		{D3D0CDFA-AA07-4955-A8B2-9B9A3DAA9D79}.Debug - Main|x64.ActiveCfg = Debug|Any CPU
		{D3D0CDFA-AA07-4955-A8B2-9B9A3DAA9D79}.Debug - Main|x64.Build.0 = Debug|Any CPU
		{D3D0CDFA-AA07-4955-A8B2-9B9A3DAA9D79}.Debug|Any CPU.ActiveCfg = Debug|Any CPU
		{D3D0CDFA-AA07-4955-A8B2-9B9A3DAA9D79}.Debug|Any CPU.Build.0 = Debug|Any CPU
		{D3D0CDFA-AA07-4955-A8B2-9B9A3DAA9D79}.Debug|x64.ActiveCfg = Debug|Any CPU
		{D3D0CDFA-AA07-4955-A8B2-9B9A3DAA9D79}.Debug|x64.Build.0 = Debug|Any CPU
		{D3D0CDFA-AA07-4955-A8B2-9B9A3DAA9D79}.Release - Main|Any CPU.ActiveCfg = Release|Any CPU
		{D3D0CDFA-AA07-4955-A8B2-9B9A3DAA9D79}.Release - Main|Any CPU.Build.0 = Release|Any CPU
		{D3D0CDFA-AA07-4955-A8B2-9B9A3DAA9D79}.Release - Main|x64.ActiveCfg = Release|Any CPU
		{D3D0CDFA-AA07-4955-A8B2-9B9A3DAA9D79}.Release - Main|x64.Build.0 = Release|Any CPU
		{D3D0CDFA-AA07-4955-A8B2-9B9A3DAA9D79}.Release|Any CPU.ActiveCfg = Release|Any CPU
		{D3D0CDFA-AA07-4955-A8B2-9B9A3DAA9D79}.Release|Any CPU.Build.0 = Release|Any CPU
		{D3D0CDFA-AA07-4955-A8B2-9B9A3DAA9D79}.Release|x64.ActiveCfg = Release|Any CPU
		{D3D0CDFA-AA07-4955-A8B2-9B9A3DAA9D79}.Release|x64.Build.0 = Release|Any CPU
		{E362858B-D1ED-4B73-9AC5-04C7EB5043DB}.Debug - Main|Any CPU.ActiveCfg = Debug|Any CPU
		{E362858B-D1ED-4B73-9AC5-04C7EB5043DB}.Debug - Main|Any CPU.Build.0 = Debug|Any CPU
		{E362858B-D1ED-4B73-9AC5-04C7EB5043DB}.Debug - Main|x64.ActiveCfg = Debug|Any CPU
		{E362858B-D1ED-4B73-9AC5-04C7EB5043DB}.Debug - Main|x64.Build.0 = Debug|Any CPU
		{E362858B-D1ED-4B73-9AC5-04C7EB5043DB}.Debug|Any CPU.ActiveCfg = Debug|Any CPU
		{E362858B-D1ED-4B73-9AC5-04C7EB5043DB}.Debug|Any CPU.Build.0 = Debug|Any CPU
		{E362858B-D1ED-4B73-9AC5-04C7EB5043DB}.Debug|x64.ActiveCfg = Debug|Any CPU
		{E362858B-D1ED-4B73-9AC5-04C7EB5043DB}.Debug|x64.Build.0 = Debug|Any CPU
		{E362858B-D1ED-4B73-9AC5-04C7EB5043DB}.Release - Main|Any CPU.ActiveCfg = Release|Any CPU
		{E362858B-D1ED-4B73-9AC5-04C7EB5043DB}.Release - Main|Any CPU.Build.0 = Release|Any CPU
		{E362858B-D1ED-4B73-9AC5-04C7EB5043DB}.Release - Main|x64.ActiveCfg = Release|Any CPU
		{E362858B-D1ED-4B73-9AC5-04C7EB5043DB}.Release - Main|x64.Build.0 = Release|Any CPU
		{E362858B-D1ED-4B73-9AC5-04C7EB5043DB}.Release|Any CPU.ActiveCfg = Release|Any CPU
		{E362858B-D1ED-4B73-9AC5-04C7EB5043DB}.Release|Any CPU.Build.0 = Release|Any CPU
		{E362858B-D1ED-4B73-9AC5-04C7EB5043DB}.Release|x64.ActiveCfg = Release|Any CPU
		{E362858B-D1ED-4B73-9AC5-04C7EB5043DB}.Release|x64.Build.0 = Release|Any CPU
	EndGlobalSection
	GlobalSection(SolutionProperties) = preSolution
		HideSolutionNode = FALSE
	EndGlobalSection
	GlobalSection(NestedProjects) = preSolution
		{0401CBD5-069B-41AE-98FB-749A45DC92AE} = {98D8D4EB-82D7-4AFF-8DD7-E08FA34F53DE}
		{22C259DF-DD63-4C08-9F9A-F7201DB6E41E} = {E2E84990-36A6-4298-95B9-C9BC24152337}
		{71EA1712-DC68-4148-B6A2-E9BA9686D838} = {E2E84990-36A6-4298-95B9-C9BC24152337}
		{E6703EAE-4CBC-44CE-A28A-E3EC0C2613AB} = {98D8D4EB-82D7-4AFF-8DD7-E08FA34F53DE}
		{0574B445-5511-4ACD-973D-F65D529D9F97} = {98D8D4EB-82D7-4AFF-8DD7-E08FA34F53DE}
		{DB547EAB-A060-4DED-9F82-E7E51EB0FF0E} = {98D8D4EB-82D7-4AFF-8DD7-E08FA34F53DE}
		{231724B4-8A52-47A4-9C7A-BB08967AAAEE} = {E2E84990-36A6-4298-95B9-C9BC24152337}
		{27154E13-2908-4C41-A1E7-56EECD0460FE} = {E2E84990-36A6-4298-95B9-C9BC24152337}
		{D3D0CDFA-AA07-4955-A8B2-9B9A3DAA9D79} = {E2E84990-36A6-4298-95B9-C9BC24152337}
		{E362858B-D1ED-4B73-9AC5-04C7EB5043DB} = {E2E84990-36A6-4298-95B9-C9BC24152337}
	EndGlobalSection
	GlobalSection(ExtensibilityGlobals) = postSolution
		SolutionGuid = {C429725D-F503-4A29-89B9-DB3743BD2491}
	EndGlobalSection
EndGlobal
