
Microsoft Visual Studio Solution File, Format Version 12.00
# Visual Studio Version 16
VisualStudioVersion = 16.0.29409.12
MinimumVisualStudioVersion = 10.0.40219.1
Project("{FAE04EC0-301F-11D3-BF4B-00C04F79EFBC}") = "MouseBot", "MouseBot\MouseBot.csproj", "{B7A31A4F-3C0B-4FC1-BCE3-90109924CC9A}"
EndProject
Global
	GlobalSection(SolutionConfigurationPlatforms) = preSolution
		Debug|Any CPU = Debug|Any CPU
		Release|Any CPU = Release|Any CPU
	EndGlobalSection
	GlobalSection(ProjectConfigurationPlatforms) = postSolution
		{B7A31A4F-3C0B-4FC1-BCE3-90109924CC9A}.Debug|Any CPU.ActiveCfg = Debug|Any CPU
		{B7A31A4F-3C0B-4FC1-BCE3-90109924CC9A}.Debug|Any CPU.Build.0 = Debug|Any CPU
		{B7A31A4F-3C0B-4FC1-BCE3-90109924CC9A}.Release|Any CPU.ActiveCfg = Release|Any CPU
		{B7A31A4F-3C0B-4FC1-BCE3-90109924CC9A}.Release|Any CPU.Build.0 = Release|Any CPU
	EndGlobalSection
	GlobalSection(SolutionProperties) = preSolution
		HideSolutionNode = FALSE
	EndGlobalSection
	GlobalSection(ExtensibilityGlobals) = postSolution
		SolutionGuid = {C429725D-F503-4A29-89B9-DB3743BD2491}
	EndGlobalSection
EndGlobal
